
Microsoft Visual Studio Solution File, Format Version 12.00
# Visual Studio Version 16
VisualStudioVersion = 16.0.30225.117
MinimumVisualStudioVersion = 10.0.40219.1
Project("{FAE04EC0-301F-11D3-BF4B-00C04F79EFBC}") = "OOPClassesCSharp", "OOPClassesCSharp\OOPClassesCSharp.csproj", "{712AA467-1BE3-4A3D-8A60-C51BDF0FDA4E}"
EndProject
Global
	GlobalSection(SolutionConfigurationPlatforms) = preSolution
		Debug|Any CPU = Debug|Any CPU
		Release|Any CPU = Release|Any CPU
	EndGlobalSection
	GlobalSection(ProjectConfigurationPlatforms) = postSolution
		{712AA467-1BE3-4A3D-8A60-C51BDF0FDA4E}.Debug|Any CPU.ActiveCfg = Debug|Any CPU
		{712AA467-1BE3-4A3D-8A60-C51BDF0FDA4E}.Debug|Any CPU.Build.0 = Debug|Any CPU
		{712AA467-1BE3-4A3D-8A60-C51BDF0FDA4E}.Release|Any CPU.ActiveCfg = Release|Any CPU
		{712AA467-1BE3-4A3D-8A60-C51BDF0FDA4E}.Release|Any CPU.Build.0 = Release|Any CPU
	EndGlobalSection
	GlobalSection(SolutionProperties) = preSolution
		HideSolutionNode = FALSE
	EndGlobalSection
	GlobalSection(ExtensibilityGlobals) = postSolution
		SolutionGuid = {CDCC34D2-8C09-4F34-8A3C-5268B316C6AD}
	EndGlobalSection
EndGlobal
